{
  "version": 4,
  "terraform_version": "1.5.7",
  "serial": 450,
  "lineage": "26bb5b38-5c6e-f4ee-b46e-e5f72fe9e602",
  "outputs": {},
  "resources": [
    {
      "mode": "managed",
      "type": "azurerm_lb",
      "name": "backend_lb",
      "provider": "provider[\"registry.terraform.io/hashicorp/azurerm\"]",
      "instances": [
        {
          "schema_version": 0,
          "attributes": {
            "edge_zone": "",
            "frontend_ip_configuration": [
              {
                "gateway_load_balancer_frontend_ip_configuration_id": "",
                "id": "/subscriptions/67857d77-d782-46ed-b8f7-4b14afe47f33/resourceGroups/terraform-rg/providers/Microsoft.Network/loadBalancers/backend-lb/frontendIPConfigurations/backend-config",
                "inbound_nat_rules": [],
                "load_balancer_rules": [],
                "name": "backend-config",
                "outbound_rules": [],
                "private_ip_address": "",
                "private_ip_address_allocation": "Dynamic",
                "private_ip_address_version": "",
                "public_ip_address_id": "/subscriptions/67857d77-d782-46ed-b8f7-4b14afe47f33/resourceGroups/terraform-rg/providers/Microsoft.Network/publicIPAddresses/backend-lb-pip",
                "public_ip_prefix_id": "",
                "subnet_id": "",
                "zones": null
              }
            ],
            "id": "/subscriptions/67857d77-d782-46ed-b8f7-4b14afe47f33/resourceGroups/terraform-rg/providers/Microsoft.Network/loadBalancers/backend-lb",
            "location": "eastus",
            "name": "backend-lb",
            "private_ip_address": "",
            "private_ip_addresses": [],
            "resource_group_name": "terraform-rg",
            "sku": "Standard",
            "sku_tier": "Regional",
            "tags": null,
            "timeouts": null
          },
          "sensitive_attributes": [],
          "private": "eyJlMmJmYjczMC1lY2FhLTExZTYtOGY4OC0zNDM2M2JjN2M0YzAiOnsiY3JlYXRlIjoxODAwMDAwMDAwMDAwLCJkZWxldGUiOjE4MDAwMDAwMDAwMDAsInJlYWQiOjMwMDAwMDAwMDAwMCwidXBkYXRlIjoxODAwMDAwMDAwMDAwfX0=",
          "dependencies": [
            "azurerm_public_ip.backend_lb_pip",
            "azurerm_resource_group.main_rg"
          ]
        }
      ]
    },
    {
      "mode": "managed",
      "type": "azurerm_lb",
      "name": "frontend_lb",
      "provider": "provider[\"registry.terraform.io/hashicorp/azurerm\"]",
      "instances": [
        {
          "schema_version": 0,
          "attributes": {
            "edge_zone": "",
            "frontend_ip_configuration": [
              {
                "gateway_load_balancer_frontend_ip_configuration_id": "",
                "id": "/subscriptions/67857d77-d782-46ed-b8f7-4b14afe47f33/resourceGroups/terraform-rg/providers/Microsoft.Network/loadBalancers/frontend-lb/frontendIPConfigurations/frontend-config",
                "inbound_nat_rules": [],
                "load_balancer_rules": [],
                "name": "frontend-config",
                "outbound_rules": [],
                "private_ip_address": "",
                "private_ip_address_allocation": "Dynamic",
                "private_ip_address_version": "",
                "public_ip_address_id": "/subscriptions/67857d77-d782-46ed-b8f7-4b14afe47f33/resourceGroups/terraform-rg/providers/Microsoft.Network/publicIPAddresses/frontend-lb-pip",
                "public_ip_prefix_id": "",
                "subnet_id": "",
                "zones": null
              }
            ],
            "id": "/subscriptions/67857d77-d782-46ed-b8f7-4b14afe47f33/resourceGroups/terraform-rg/providers/Microsoft.Network/loadBalancers/frontend-lb",
            "location": "eastus",
            "name": "frontend-lb",
            "private_ip_address": "",
            "private_ip_addresses": [],
            "resource_group_name": "terraform-rg",
            "sku": "Standard",
            "sku_tier": "Regional",
            "tags": null,
            "timeouts": null
          },
          "sensitive_attributes": [],
          "private": "eyJlMmJmYjczMC1lY2FhLTExZTYtOGY4OC0zNDM2M2JjN2M0YzAiOnsiY3JlYXRlIjoxODAwMDAwMDAwMDAwLCJkZWxldGUiOjE4MDAwMDAwMDAwMDAsInJlYWQiOjMwMDAwMDAwMDAwMCwidXBkYXRlIjoxODAwMDAwMDAwMDAwfX0=",
          "dependencies": [
            "azurerm_public_ip.frontend_lb_pip",
            "azurerm_resource_group.main_rg"
          ]
        }
      ]
    },
    {
      "mode": "managed",
      "type": "azurerm_lb_backend_address_pool",
      "name": "backend_bap",
      "provider": "provider[\"registry.terraform.io/hashicorp/azurerm\"]",
      "instances": [
        {
          "schema_version": 0,
          "attributes": {
            "backend_ip_configurations": [],
            "id": "/subscriptions/67857d77-d782-46ed-b8f7-4b14afe47f33/resourceGroups/terraform-rg/providers/Microsoft.Network/loadBalancers/backend-lb/backendAddressPools/backend-bap",
            "inbound_nat_rules": [],
            "load_balancing_rules": [],
            "loadbalancer_id": "/subscriptions/67857d77-d782-46ed-b8f7-4b14afe47f33/resourceGroups/terraform-rg/providers/Microsoft.Network/loadBalancers/backend-lb",
            "name": "backend-bap",
            "outbound_rules": [],
            "synchronous_mode": "",
            "timeouts": null,
            "tunnel_interface": [],
            "virtual_network_id": ""
          },
          "sensitive_attributes": [],
          "private": "eyJlMmJmYjczMC1lY2FhLTExZTYtOGY4OC0zNDM2M2JjN2M0YzAiOnsiY3JlYXRlIjoxODAwMDAwMDAwMDAwLCJkZWxldGUiOjE4MDAwMDAwMDAwMDAsInJlYWQiOjMwMDAwMDAwMDAwMCwidXBkYXRlIjoxODAwMDAwMDAwMDAwfX0=",
          "dependencies": [
            "azurerm_lb.backend_lb",
            "azurerm_public_ip.backend_lb_pip",
            "azurerm_resource_group.main_rg"
          ]
        }
      ]
    },
    {
      "mode": "managed",
      "type": "azurerm_lb_backend_address_pool",
      "name": "frontend_bap",
      "provider": "provider[\"registry.terraform.io/hashicorp/azurerm\"]",
      "instances": [
        {
          "schema_version": 0,
          "attributes": {
            "backend_ip_configurations": [],
            "id": "/subscriptions/67857d77-d782-46ed-b8f7-4b14afe47f33/resourceGroups/terraform-rg/providers/Microsoft.Network/loadBalancers/frontend-lb/backendAddressPools/frontend-bap",
            "inbound_nat_rules": [],
            "load_balancing_rules": [],
            "loadbalancer_id": "/subscriptions/67857d77-d782-46ed-b8f7-4b14afe47f33/resourceGroups/terraform-rg/providers/Microsoft.Network/loadBalancers/frontend-lb",
            "name": "frontend-bap",
            "outbound_rules": [],
            "synchronous_mode": "",
            "timeouts": null,
            "tunnel_interface": [],
            "virtual_network_id": ""
          },
          "sensitive_attributes": [],
          "private": "eyJlMmJmYjczMC1lY2FhLTExZTYtOGY4OC0zNDM2M2JjN2M0YzAiOnsiY3JlYXRlIjoxODAwMDAwMDAwMDAwLCJkZWxldGUiOjE4MDAwMDAwMDAwMDAsInJlYWQiOjMwMDAwMDAwMDAwMCwidXBkYXRlIjoxODAwMDAwMDAwMDAwfX0=",
          "dependencies": [
            "azurerm_lb.frontend_lb",
            "azurerm_public_ip.frontend_lb_pip",
            "azurerm_resource_group.main_rg"
          ]
        }
      ]
    },
    {
      "mode": "managed",
      "type": "azurerm_lb_nat_pool",
      "name": "backend_nat_pool",
      "provider": "provider[\"registry.terraform.io/hashicorp/azurerm\"]",
      "instances": [
        {
          "schema_version": 0,
          "attributes": {
            "backend_port": 22,
            "floating_ip_enabled": false,
            "frontend_ip_configuration_id": "/subscriptions/67857d77-d782-46ed-b8f7-4b14afe47f33/resourceGroups/terraform-rg/providers/Microsoft.Network/loadBalancers/backend-lb/frontendIPConfigurations/backend-config",
            "frontend_ip_configuration_name": "backend-config",
            "frontend_port_end": 50319,
            "frontend_port_start": 50200,
            "id": "/subscriptions/67857d77-d782-46ed-b8f7-4b14afe47f33/resourceGroups/terraform-rg/providers/Microsoft.Network/loadBalancers/backend-lb/inboundNatPools/backend-nat-pool",
            "idle_timeout_in_minutes": 4,
            "loadbalancer_id": "/subscriptions/67857d77-d782-46ed-b8f7-4b14afe47f33/resourceGroups/terraform-rg/providers/Microsoft.Network/loadBalancers/backend-lb",
            "name": "backend-nat-pool",
            "protocol": "Tcp",
            "resource_group_name": "terraform-rg",
            "tcp_reset_enabled": false,
            "timeouts": null
          },
          "sensitive_attributes": [],
          "private": "eyJlMmJmYjczMC1lY2FhLTExZTYtOGY4OC0zNDM2M2JjN2M0YzAiOnsiY3JlYXRlIjoxODAwMDAwMDAwMDAwLCJkZWxldGUiOjE4MDAwMDAwMDAwMDAsInJlYWQiOjMwMDAwMDAwMDAwMCwidXBkYXRlIjoxODAwMDAwMDAwMDAwfX0=",
          "dependencies": [
            "azurerm_lb.backend_lb",
            "azurerm_public_ip.backend_lb_pip",
            "azurerm_resource_group.main_rg"
          ]
        }
      ]
    },
    {
      "mode": "managed",
      "type": "azurerm_lb_nat_pool",
      "name": "frontend_nat_pool",
      "provider": "provider[\"registry.terraform.io/hashicorp/azurerm\"]",
      "instances": [
        {
          "schema_version": 0,
          "attributes": {
            "backend_port": 22,
            "floating_ip_enabled": false,
            "frontend_ip_configuration_id": "/subscriptions/67857d77-d782-46ed-b8f7-4b14afe47f33/resourceGroups/terraform-rg/providers/Microsoft.Network/loadBalancers/frontend-lb/frontendIPConfigurations/frontend-config",
            "frontend_ip_configuration_name": "frontend-config",
            "frontend_port_end": 50119,
            "frontend_port_start": 50000,
            "id": "/subscriptions/67857d77-d782-46ed-b8f7-4b14afe47f33/resourceGroups/terraform-rg/providers/Microsoft.Network/loadBalancers/frontend-lb/inboundNatPools/frontend-nat-pool",
            "idle_timeout_in_minutes": 4,
            "loadbalancer_id": "/subscriptions/67857d77-d782-46ed-b8f7-4b14afe47f33/resourceGroups/terraform-rg/providers/Microsoft.Network/loadBalancers/frontend-lb",
            "name": "frontend-nat-pool",
            "protocol": "Tcp",
            "resource_group_name": "terraform-rg",
            "tcp_reset_enabled": false,
            "timeouts": null
          },
          "sensitive_attributes": [],
          "private": "eyJlMmJmYjczMC1lY2FhLTExZTYtOGY4OC0zNDM2M2JjN2M0YzAiOnsiY3JlYXRlIjoxODAwMDAwMDAwMDAwLCJkZWxldGUiOjE4MDAwMDAwMDAwMDAsInJlYWQiOjMwMDAwMDAwMDAwMCwidXBkYXRlIjoxODAwMDAwMDAwMDAwfX0=",
          "dependencies": [
            "azurerm_lb.frontend_lb",
            "azurerm_public_ip.frontend_lb_pip",
            "azurerm_resource_group.main_rg"
          ]
        }
      ]
    },
    {
      "mode": "managed",
      "type": "azurerm_lb_probe",
      "name": "backend_probe",
      "provider": "provider[\"registry.terraform.io/hashicorp/azurerm\"]",
      "instances": [
        {
          "schema_version": 0,
          "attributes": {
            "id": "/subscriptions/67857d77-d782-46ed-b8f7-4b14afe47f33/resourceGroups/terraform-rg/providers/Microsoft.Network/loadBalancers/backend-lb/probes/backend-probe",
            "interval_in_seconds": 5,
            "load_balancer_rules": [],
            "loadbalancer_id": "/subscriptions/67857d77-d782-46ed-b8f7-4b14afe47f33/resourceGroups/terraform-rg/providers/Microsoft.Network/loadBalancers/backend-lb",
            "name": "backend-probe",
            "number_of_probes": 2,
            "port": 80,
            "probe_threshold": 1,
            "protocol": "Tcp",
            "request_path": "",
            "timeouts": null
          },
          "sensitive_attributes": [],
          "private": "eyJlMmJmYjczMC1lY2FhLTExZTYtOGY4OC0zNDM2M2JjN2M0YzAiOnsiY3JlYXRlIjoxODAwMDAwMDAwMDAwLCJkZWxldGUiOjE4MDAwMDAwMDAwMDAsInJlYWQiOjMwMDAwMDAwMDAwMCwidXBkYXRlIjoxODAwMDAwMDAwMDAwfX0=",
          "dependencies": [
            "azurerm_lb.backend_lb",
            "azurerm_public_ip.backend_lb_pip",
            "azurerm_resource_group.main_rg"
          ]
        }
      ]
    },
    {
      "mode": "managed",
      "type": "azurerm_lb_probe",
      "name": "frontend_probe",
      "provider": "provider[\"registry.terraform.io/hashicorp/azurerm\"]",
      "instances": [
        {
          "schema_version": 0,
          "attributes": {
            "id": "/subscriptions/67857d77-d782-46ed-b8f7-4b14afe47f33/resourceGroups/terraform-rg/providers/Microsoft.Network/loadBalancers/frontend-lb/probes/frontend-probe",
            "interval_in_seconds": 5,
            "load_balancer_rules": [],
            "loadbalancer_id": "/subscriptions/67857d77-d782-46ed-b8f7-4b14afe47f33/resourceGroups/terraform-rg/providers/Microsoft.Network/loadBalancers/frontend-lb",
            "name": "frontend-probe",
            "number_of_probes": 2,
            "port": 80,
            "probe_threshold": 1,
            "protocol": "Tcp",
            "request_path": "",
            "timeouts": null
          },
          "sensitive_attributes": [],
          "private": "eyJlMmJmYjczMC1lY2FhLTExZTYtOGY4OC0zNDM2M2JjN2M0YzAiOnsiY3JlYXRlIjoxODAwMDAwMDAwMDAwLCJkZWxldGUiOjE4MDAwMDAwMDAwMDAsInJlYWQiOjMwMDAwMDAwMDAwMCwidXBkYXRlIjoxODAwMDAwMDAwMDAwfX0=",
          "dependencies": [
            "azurerm_lb.frontend_lb",
            "azurerm_public_ip.frontend_lb_pip",
            "azurerm_resource_group.main_rg"
          ]
        }
      ]
    },
    {
      "mode": "managed",
      "type": "azurerm_lb_rule",
      "name": "backend_lb_rule",
      "provider": "provider[\"registry.terraform.io/hashicorp/azurerm\"]",
      "instances": [
        {
          "schema_version": 0,
          "attributes": {
            "backend_address_pool_ids": [
              "/subscriptions/67857d77-d782-46ed-b8f7-4b14afe47f33/resourceGroups/terraform-rg/providers/Microsoft.Network/loadBalancers/backend-lb/backendAddressPools/backend-bap"
            ],
            "backend_port": 80,
            "disable_outbound_snat": false,
            "enable_floating_ip": false,
            "enable_tcp_reset": false,
            "frontend_ip_configuration_id": "/subscriptions/67857d77-d782-46ed-b8f7-4b14afe47f33/resourceGroups/terraform-rg/providers/Microsoft.Network/loadBalancers/backend-lb/frontendIPConfigurations/backend-config",
            "frontend_ip_configuration_name": "backend-config",
            "frontend_port": 80,
            "id": "/subscriptions/67857d77-d782-46ed-b8f7-4b14afe47f33/resourceGroups/terraform-rg/providers/Microsoft.Network/loadBalancers/backend-lb/loadBalancingRules/backend-lb-rule",
            "idle_timeout_in_minutes": 4,
            "load_distribution": "Default",
            "loadbalancer_id": "/subscriptions/67857d77-d782-46ed-b8f7-4b14afe47f33/resourceGroups/terraform-rg/providers/Microsoft.Network/loadBalancers/backend-lb",
            "name": "backend-lb-rule",
            "probe_id": "/subscriptions/67857d77-d782-46ed-b8f7-4b14afe47f33/resourceGroups/terraform-rg/providers/Microsoft.Network/loadBalancers/backend-lb/probes/backend-probe",
            "protocol": "Tcp",
            "timeouts": null
          },
          "sensitive_attributes": [],
          "private": "eyJlMmJmYjczMC1lY2FhLTExZTYtOGY4OC0zNDM2M2JjN2M0YzAiOnsiY3JlYXRlIjoxODAwMDAwMDAwMDAwLCJkZWxldGUiOjE4MDAwMDAwMDAwMDAsInJlYWQiOjMwMDAwMDAwMDAwMCwidXBkYXRlIjoxODAwMDAwMDAwMDAwfX0=",
          "dependencies": [
            "azurerm_lb.backend_lb",
            "azurerm_lb_backend_address_pool.backend_bap",
            "azurerm_lb_probe.backend_probe",
            "azurerm_public_ip.backend_lb_pip",
            "azurerm_resource_group.main_rg"
          ]
        }
      ]
    },
    {
      "mode": "managed",
      "type": "azurerm_lb_rule",
      "name": "frontend_lb_rule",
      "provider": "provider[\"registry.terraform.io/hashicorp/azurerm\"]",
      "instances": [
        {
          "schema_version": 0,
          "attributes": {
            "backend_address_pool_ids": [
              "/subscriptions/67857d77-d782-46ed-b8f7-4b14afe47f33/resourceGroups/terraform-rg/providers/Microsoft.Network/loadBalancers/frontend-lb/backendAddressPools/frontend-bap"
            ],
            "backend_port": 80,
            "disable_outbound_snat": false,
            "enable_floating_ip": false,
            "enable_tcp_reset": false,
            "frontend_ip_configuration_id": "/subscriptions/67857d77-d782-46ed-b8f7-4b14afe47f33/resourceGroups/terraform-rg/providers/Microsoft.Network/loadBalancers/frontend-lb/frontendIPConfigurations/frontend-config",
            "frontend_ip_configuration_name": "frontend-config",
            "frontend_port": 80,
            "id": "/subscriptions/67857d77-d782-46ed-b8f7-4b14afe47f33/resourceGroups/terraform-rg/providers/Microsoft.Network/loadBalancers/frontend-lb/loadBalancingRules/frontend-lb-rule",
            "idle_timeout_in_minutes": 4,
            "load_distribution": "Default",
            "loadbalancer_id": "/subscriptions/67857d77-d782-46ed-b8f7-4b14afe47f33/resourceGroups/terraform-rg/providers/Microsoft.Network/loadBalancers/frontend-lb",
            "name": "frontend-lb-rule",
            "probe_id": "/subscriptions/67857d77-d782-46ed-b8f7-4b14afe47f33/resourceGroups/terraform-rg/providers/Microsoft.Network/loadBalancers/frontend-lb/probes/frontend-probe",
            "protocol": "Tcp",
            "timeouts": null
          },
          "sensitive_attributes": [],
          "private": "eyJlMmJmYjczMC1lY2FhLTExZTYtOGY4OC0zNDM2M2JjN2M0YzAiOnsiY3JlYXRlIjoxODAwMDAwMDAwMDAwLCJkZWxldGUiOjE4MDAwMDAwMDAwMDAsInJlYWQiOjMwMDAwMDAwMDAwMCwidXBkYXRlIjoxODAwMDAwMDAwMDAwfX0=",
          "dependencies": [
            "azurerm_lb.frontend_lb",
            "azurerm_lb_backend_address_pool.frontend_bap",
            "azurerm_lb_probe.frontend_probe",
            "azurerm_public_ip.frontend_lb_pip",
            "azurerm_resource_group.main_rg"
          ]
        }
      ]
    },
    {
      "mode": "managed",
      "type": "azurerm_linux_virtual_machine_scale_set",
      "name": "backend_vmss",
      "provider": "provider[\"registry.terraform.io/hashicorp/azurerm\"]",
      "instances": [
        {
          "schema_version": 0,
          "attributes": {
            "additional_capabilities": [],
            "admin_password": null,
            "admin_ssh_key": [
              {
                "public_key": "ssh-rsa AAAAB3NzaC1yc2EAAAADAQABAAACAQCd3bjB6aQaQU0uQXvOSlTXzASLNCU9ULA/6m6hpQDP+KpXfm/T73sieUt+0FjiLTqM4+SOJYfs3/yn/8X4S3Uy8ZCsX09D7LX7AViO+FGO7rs9IAaNevD3r/Q03Q/mA8qUKsLbFy0v4wZNE/aewoziUEn0gcuWEKsraja3xfwduDLdd5AlHx7gOdwPachwM6o0KTYfYJ7HwLoTEN1evb2fHBV55pJpeWiEF/8bYF0jOS0/xMqLiAI+hhSIFmsbihfrX26Fk8jLjKJ5EVI08BzbJTkWz1TYGzA2K7sQt776xuJjvm61vXvXG3dGDRPPMABMfdm5mPfN733m5zHHx22ocqGBgmrpdeqa5VsEPNR7FefbfqPH4N2yggxjvIWeqZHGme0xF59F3kv/wwSwz8DekBiaONzIlASmq9n+f9tFsz+7swbvd98+V1QHJHBnZf5WljHXFWLiO5VW2dFOnnAtv75mTt5odtqSj+auJRy2niK1gcDmXAmF9FW9hynv7SN6qQvkpKIsV7rx9dXe69bmu/xFW/F3JTk7/BfFGUrPITn/dHW045uDJRNdQqapKopTHcAe6v7UAvWbYomDvdPJIxvT3K6y3UWjbnbSxx8/m+QpbIInxemDHrVdRASR2ycsoTRzAFGhYX/JHZ+hz1ysuOjcbNokskUEew2rra74BQ== obifranklin@Obis-MacBook-Air.local\n",
                "username": "adminuser"
              }
            ],
            "admin_username": "adminuser",
            "automatic_instance_repair": [
              {
                "enabled": false,
                "grace_period": "PT30M"
              }
            ],
            "automatic_os_upgrade_policy": [],
            "boot_diagnostics": [],
            "capacity_reservation_group_id": "",
            "computer_name_prefix": "backend-vmss",
            "custom_data": null,
            "data_disk": [],
            "disable_password_authentication": true,
            "do_not_run_extensions_on_overprovisioned_machines": false,
            "edge_zone": "",
            "encryption_at_host_enabled": false,
            "eviction_policy": "",
            "extension": [],
            "extension_operations_enabled": true,
            "extensions_time_budget": "PT1H30M",
            "gallery_application": null,
            "gallery_applications": null,
            "health_probe_id": "",
            "host_group_id": null,
            "id": "/subscriptions/67857d77-d782-46ed-b8f7-4b14afe47f33/resourceGroups/terraform-rg/providers/Microsoft.Compute/virtualMachineScaleSets/backend-vmss",
            "identity": [],
            "instances": 1,
            "location": "eastus",
            "max_bid_price": -1,
            "name": "backend-vmss",
            "network_interface": [
              {
                "dns_servers": null,
                "enable_accelerated_networking": false,
                "enable_ip_forwarding": false,
                "ip_configuration": [
                  {
                    "application_gateway_backend_address_pool_ids": null,
                    "application_security_group_ids": null,
                    "load_balancer_backend_address_pool_ids": [
                      "/subscriptions/67857d77-d782-46ed-b8f7-4b14afe47f33/resourceGroups/terraform-rg/providers/Microsoft.Network/loadBalancers/backend-lb/backendAddressPools/backend-bap"
                    ],
                    "load_balancer_inbound_nat_rules_ids": [
                      "/subscriptions/67857d77-d782-46ed-b8f7-4b14afe47f33/resourceGroups/terraform-rg/providers/Microsoft.Network/loadBalancers/backend-lb/inboundNatPools/backend-nat-pool"
                    ],
                    "name": "internal",
                    "primary": true,
                    "public_ip_address": [],
                    "subnet_id": "/subscriptions/67857d77-d782-46ed-b8f7-4b14afe47f33/resourceGroups/terraform-rg/providers/Microsoft.Network/virtualNetworks/terraform-vnet/subnets/subnet_2",
                    "version": "IPv4"
                  }
                ],
                "name": "backend-nic",
                "network_security_group_id": "/subscriptions/67857d77-d782-46ed-b8f7-4b14afe47f33/resourceGroups/terraform-rg/providers/Microsoft.Network/networkSecurityGroups/vmss-nsg",
                "primary": true
              }
            ],
            "os_disk": [
              {
                "caching": "ReadWrite",
                "diff_disk_settings": [],
                "disk_encryption_set_id": "",
                "disk_size_gb": 30,
                "secure_vm_disk_encryption_set_id": "",
                "security_encryption_type": "",
                "storage_account_type": "Standard_LRS",
                "write_accelerator_enabled": false
              }
            ],
            "overprovision": true,
            "plan": [],
            "platform_fault_domain_count": 5,
            "priority": "Regular",
            "provision_vm_agent": true,
            "proximity_placement_group_id": "",
            "resource_group_name": "terraform-rg",
            "rolling_upgrade_policy": [],
            "scale_in": [
              {
                "force_deletion_enabled": false,
                "rule": "Default"
              }
            ],
            "scale_in_policy": "Default",
            "secret": [],
            "secure_boot_enabled": false,
            "single_placement_group": true,
            "sku": "Standard_F2",
            "source_image_id": "",
            "source_image_reference": [
              {
                "offer": "0001-com-ubuntu-server-jammy",
                "publisher": "Canonical",
                "sku": "22_04-lts",
                "version": "latest"
              }
            ],
            "spot_restore": null,
            "tags": null,
            "terminate_notification": null,
            "termination_notification": null,
            "timeouts": null,
            "unique_id": "80f39aac-d0f3-4dc3-981e-4f8e5298584c",
            "upgrade_mode": "Manual",
            "user_data": "I2Nsb3VkLWNvbmZpZwoKcGFja2FnZV91cGRhdGU6IHRydWUKcGFja2FnZXM6CiAgLSBhcHQtdHJhbnNwb3J0LWh0dHBzCiAgLSBjYS1jZXJ0aWZpY2F0ZXMKICAtIGN1cmwKICAtIGdudXBnCiAgLSBsc2ItcmVsZWFzZQoKcnVuY21kOgogICMgSW1wb3J0IERvY2tlciBHUEcga2V5CiAgLSBjdXJsIC1mc1NMIGh0dHBzOi8vZG93bmxvYWQuZG9ja2VyLmNvbS9saW51eC91YnVudHUvZ3BnIHwgc3VkbyBncGcgLS1kZWFybW9yIC1vIC91c3Ivc2hhcmUva2V5cmluZ3MvZG9ja2VyLWFyY2hpdmUta2V5cmluZy5ncGcKCiAgIyBBZGQgRG9ja2VyIEFQVCByZXBvc2l0b3J5CiAgLSBlY2hvICJkZWIgW2FyY2g9YW1kNjQgc2lnbmVkLWJ5PS91c3Ivc2hhcmUva2V5cmluZ3MvZG9ja2VyLWFyY2hpdmUta2V5cmluZy5ncGddIGh0dHBzOi8vZG93bmxvYWQuZG9ja2VyLmNvbS9saW51eC91YnVudHUgJChsc2JfcmVsZWFzZSAtY3MpIHN0YWJsZSIgfCBzdWRvIHRlZSAvZXRjL2FwdC9zb3VyY2VzLmxpc3QuZC9kb2NrZXIubGlzdCA+IC9kZXYvbnVsbAoKICAjIEluc3RhbGwgRG9ja2VyIGVuZ2luZQogIC0gc3VkbyBhcHQgdXBkYXRlCiAgLSBzdWRvIGFwdCBpbnN0YWxsIGRvY2tlci1jZSBkb2NrZXItY2UtY2xpIGNvbnRhaW5lcmQuaW8gLXkKCiAgIyBBZGQgY3VycmVudCB1c2VyIHRvIGRvY2tlciBncm91cAogIC0gc3VkbyB1c2VybW9kIC1hRyBkb2NrZXIgJFVTRVIKCiAgIyBFbmFibGUgYW5kIHN0YXJ0IERvY2tlciBzZXJ2aWNlCiAgLSBzdWRvIHN5c3RlbWN0bCBlbmFibGUgZG9ja2VyCiAgLSBzdWRvIHN5c3RlbWN0bCBzdGFydCBkb2NrZXI=",
            "vtpm_enabled": false,
            "zone_balance": false,
            "zones": null
          },
          "sensitive_attributes": [],
          "private": "eyJlMmJmYjczMC1lY2FhLTExZTYtOGY4OC0zNDM2M2JjN2M0YzAiOnsiY3JlYXRlIjozNjAwMDAwMDAwMDAwLCJkZWxldGUiOjM2MDAwMDAwMDAwMDAsInJlYWQiOjMwMDAwMDAwMDAwMCwidXBkYXRlIjozNjAwMDAwMDAwMDAwfX0=",
          "dependencies": [
            "azurerm_lb.backend_lb",
            "azurerm_lb_backend_address_pool.backend_bap",
            "azurerm_lb_nat_pool.backend_nat_pool",
            "azurerm_network_security_group.nsg",
            "azurerm_public_ip.backend_lb_pip",
            "azurerm_resource_group.main_rg",
            "azurerm_subnet.subnet_2",
            "azurerm_virtual_network.main_vnet"
          ]
        }
      ]
    },
    {
      "mode": "managed",
      "type": "azurerm_linux_virtual_machine_scale_set",
      "name": "frontend_vmss",
      "provider": "provider[\"registry.terraform.io/hashicorp/azurerm\"]",
      "instances": [
        {
          "schema_version": 0,
          "attributes": {
            "additional_capabilities": [],
            "admin_password": null,
            "admin_ssh_key": [
              {
                "public_key": "ssh-rsa AAAAB3NzaC1yc2EAAAADAQABAAACAQCd3bjB6aQaQU0uQXvOSlTXzASLNCU9ULA/6m6hpQDP+KpXfm/T73sieUt+0FjiLTqM4+SOJYfs3/yn/8X4S3Uy8ZCsX09D7LX7AViO+FGO7rs9IAaNevD3r/Q03Q/mA8qUKsLbFy0v4wZNE/aewoziUEn0gcuWEKsraja3xfwduDLdd5AlHx7gOdwPachwM6o0KTYfYJ7HwLoTEN1evb2fHBV55pJpeWiEF/8bYF0jOS0/xMqLiAI+hhSIFmsbihfrX26Fk8jLjKJ5EVI08BzbJTkWz1TYGzA2K7sQt776xuJjvm61vXvXG3dGDRPPMABMfdm5mPfN733m5zHHx22ocqGBgmrpdeqa5VsEPNR7FefbfqPH4N2yggxjvIWeqZHGme0xF59F3kv/wwSwz8DekBiaONzIlASmq9n+f9tFsz+7swbvd98+V1QHJHBnZf5WljHXFWLiO5VW2dFOnnAtv75mTt5odtqSj+auJRy2niK1gcDmXAmF9FW9hynv7SN6qQvkpKIsV7rx9dXe69bmu/xFW/F3JTk7/BfFGUrPITn/dHW045uDJRNdQqapKopTHcAe6v7UAvWbYomDvdPJIxvT3K6y3UWjbnbSxx8/m+QpbIInxemDHrVdRASR2ycsoTRzAFGhYX/JHZ+hz1ysuOjcbNokskUEew2rra74BQ== obifranklin@Obis-MacBook-Air.local\n",
                "username": "adminuser"
              }
            ],
            "admin_username": "adminuser",
            "automatic_instance_repair": [
              {
                "enabled": false,
                "grace_period": "PT30M"
              }
            ],
            "automatic_os_upgrade_policy": [],
            "boot_diagnostics": [],
            "capacity_reservation_group_id": "",
            "computer_name_prefix": "frontend-vmss",
            "custom_data": null,
            "data_disk": [],
            "disable_password_authentication": true,
            "do_not_run_extensions_on_overprovisioned_machines": false,
            "edge_zone": "",
            "encryption_at_host_enabled": false,
            "eviction_policy": "",
            "extension": [],
            "extension_operations_enabled": true,
            "extensions_time_budget": "PT1H30M",
            "gallery_application": null,
            "gallery_applications": null,
            "health_probe_id": "",
            "host_group_id": null,
            "id": "/subscriptions/67857d77-d782-46ed-b8f7-4b14afe47f33/resourceGroups/terraform-rg/providers/Microsoft.Compute/virtualMachineScaleSets/frontend-vmss",
            "identity": [],
            "instances": 1,
            "location": "eastus",
            "max_bid_price": -1,
            "name": "frontend-vmss",
            "network_interface": [
              {
                "dns_servers": null,
                "enable_accelerated_networking": false,
                "enable_ip_forwarding": false,
                "ip_configuration": [
                  {
                    "application_gateway_backend_address_pool_ids": null,
                    "application_security_group_ids": null,
                    "load_balancer_backend_address_pool_ids": [
                      "/subscriptions/67857d77-d782-46ed-b8f7-4b14afe47f33/resourceGroups/terraform-rg/providers/Microsoft.Network/loadBalancers/frontend-lb/backendAddressPools/frontend-bap"
                    ],
                    "load_balancer_inbound_nat_rules_ids": [
                      "/subscriptions/67857d77-d782-46ed-b8f7-4b14afe47f33/resourceGroups/terraform-rg/providers/Microsoft.Network/loadBalancers/frontend-lb/inboundNatPools/frontend-nat-pool"
                    ],
                    "name": "internal",
                    "primary": true,
                    "public_ip_address": [],
                    "subnet_id": "/subscriptions/67857d77-d782-46ed-b8f7-4b14afe47f33/resourceGroups/terraform-rg/providers/Microsoft.Network/virtualNetworks/terraform-vnet/subnets/subnet_2",
                    "version": "IPv4"
                  }
                ],
                "name": "frontend-nic",
                "network_security_group_id": "/subscriptions/67857d77-d782-46ed-b8f7-4b14afe47f33/resourceGroups/terraform-rg/providers/Microsoft.Network/networkSecurityGroups/vmss-nsg",
                "primary": true
              }
            ],
            "os_disk": [
              {
                "caching": "ReadWrite",
                "diff_disk_settings": [],
                "disk_encryption_set_id": "",
                "disk_size_gb": 30,
                "secure_vm_disk_encryption_set_id": "",
                "security_encryption_type": "",
                "storage_account_type": "Standard_LRS",
                "write_accelerator_enabled": false
              }
            ],
            "overprovision": true,
            "plan": [],
            "platform_fault_domain_count": 5,
            "priority": "Regular",
            "provision_vm_agent": true,
            "proximity_placement_group_id": "",
            "resource_group_name": "terraform-rg",
            "rolling_upgrade_policy": [],
            "scale_in": [
              {
                "force_deletion_enabled": false,
                "rule": "Default"
              }
            ],
            "scale_in_policy": "Default",
            "secret": [],
            "secure_boot_enabled": false,
            "single_placement_group": true,
            "sku": "Standard_F2",
            "source_image_id": "",
            "source_image_reference": [
              {
                "offer": "0001-com-ubuntu-server-jammy",
                "publisher": "Canonical",
                "sku": "22_04-lts",
                "version": "latest"
              }
            ],
            "spot_restore": null,
            "tags": null,
            "terminate_notification": null,
            "termination_notification": null,
            "timeouts": null,
            "unique_id": "6d870f6d-5f8f-4dc0-a16d-14b8ad489087",
            "upgrade_mode": "Manual",
            "user_data": "I2Nsb3VkLWNvbmZpZwoKcGFja2FnZV91cGRhdGU6IHRydWUKcGFja2FnZXM6CiAgLSBhcHQtdHJhbnNwb3J0LWh0dHBzCiAgLSBjYS1jZXJ0aWZpY2F0ZXMKICAtIGN1cmwKICAtIGdudXBnCiAgLSBsc2ItcmVsZWFzZQoKcnVuY21kOgogICMgSW1wb3J0IERvY2tlciBHUEcga2V5CiAgLSBjdXJsIC1mc1NMIGh0dHBzOi8vZG93bmxvYWQuZG9ja2VyLmNvbS9saW51eC91YnVudHUvZ3BnIHwgc3VkbyBncGcgLS1kZWFybW9yIC1vIC91c3Ivc2hhcmUva2V5cmluZ3MvZG9ja2VyLWFyY2hpdmUta2V5cmluZy5ncGcKCiAgIyBBZGQgRG9ja2VyIEFQVCByZXBvc2l0b3J5CiAgLSBlY2hvICJkZWIgW2FyY2g9YW1kNjQgc2lnbmVkLWJ5PS91c3Ivc2hhcmUva2V5cmluZ3MvZG9ja2VyLWFyY2hpdmUta2V5cmluZy5ncGddIGh0dHBzOi8vZG93bmxvYWQuZG9ja2VyLmNvbS9saW51eC91YnVudHUgJChsc2JfcmVsZWFzZSAtY3MpIHN0YWJsZSIgfCBzdWRvIHRlZSAvZXRjL2FwdC9zb3VyY2VzLmxpc3QuZC9kb2NrZXIubGlzdCA+IC9kZXYvbnVsbAoKICAjIEluc3RhbGwgRG9ja2VyIGVuZ2luZQogIC0gc3VkbyBhcHQgdXBkYXRlCiAgLSBzdWRvIGFwdCBpbnN0YWxsIGRvY2tlci1jZSBkb2NrZXItY2UtY2xpIGNvbnRhaW5lcmQuaW8gLXkKCiAgIyBBZGQgY3VycmVudCB1c2VyIHRvIGRvY2tlciBncm91cAogIC0gc3VkbyB1c2VybW9kIC1hRyBkb2NrZXIgJFVTRVIKCiAgIyBFbmFibGUgYW5kIHN0YXJ0IERvY2tlciBzZXJ2aWNlCiAgLSBzdWRvIHN5c3RlbWN0bCBlbmFibGUgZG9ja2VyCiAgLSBzdWRvIHN5c3RlbWN0bCBzdGFydCBkb2NrZXI=",
            "vtpm_enabled": false,
            "zone_balance": false,
            "zones": null
          },
          "sensitive_attributes": [],
          "private": "eyJlMmJmYjczMC1lY2FhLTExZTYtOGY4OC0zNDM2M2JjN2M0YzAiOnsiY3JlYXRlIjozNjAwMDAwMDAwMDAwLCJkZWxldGUiOjM2MDAwMDAwMDAwMDAsInJlYWQiOjMwMDAwMDAwMDAwMCwidXBkYXRlIjozNjAwMDAwMDAwMDAwfX0=",
          "dependencies": [
            "azurerm_lb.frontend_lb",
            "azurerm_lb_backend_address_pool.frontend_bap",
            "azurerm_lb_nat_pool.frontend_nat_pool",
            "azurerm_network_security_group.nsg",
            "azurerm_public_ip.frontend_lb_pip",
            "azurerm_resource_group.main_rg",
            "azurerm_subnet.subnet_2",
            "azurerm_virtual_network.main_vnet"
          ]
        }
      ]
    },
    {
      "mode": "managed",
      "type": "azurerm_network_security_group",
      "name": "nsg",
      "provider": "provider[\"registry.terraform.io/hashicorp/azurerm\"]",
      "instances": [
        {
          "schema_version": 0,
          "attributes": {
            "id": "/subscriptions/67857d77-d782-46ed-b8f7-4b14afe47f33/resourceGroups/terraform-rg/providers/Microsoft.Network/networkSecurityGroups/vmss-nsg",
            "location": "eastus",
            "name": "vmss-nsg",
            "resource_group_name": "terraform-rg",
            "security_rule": [
              {
                "access": "Allow",
                "description": "",
                "destination_address_prefix": "*",
                "destination_address_prefixes": [],
                "destination_application_security_group_ids": [],
                "destination_port_range": "",
                "destination_port_ranges": [
                  "22"
                ],
                "direction": "Inbound",
                "name": "Allow-SSH",
                "priority": 1001,
                "protocol": "Tcp",
                "source_address_prefix": "*",
                "source_address_prefixes": [],
                "source_application_security_group_ids": [],
                "source_port_range": "*",
                "source_port_ranges": []
              }
            ],
            "tags": null,
            "timeouts": null
          },
          "sensitive_attributes": [],
          "private": "eyJlMmJmYjczMC1lY2FhLTExZTYtOGY4OC0zNDM2M2JjN2M0YzAiOnsiY3JlYXRlIjoxODAwMDAwMDAwMDAwLCJkZWxldGUiOjE4MDAwMDAwMDAwMDAsInJlYWQiOjMwMDAwMDAwMDAwMCwidXBkYXRlIjoxODAwMDAwMDAwMDAwfX0=",
          "dependencies": [
            "azurerm_resource_group.main_rg"
          ]
        }
      ]
    },
    {
      "mode": "managed",
      "type": "azurerm_network_security_group",
      "name": "nsg_vm1",
      "provider": "provider[\"registry.terraform.io/hashicorp/azurerm\"]",
      "instances": [
        {
          "schema_version": 0,
          "attributes": {
            "id": "/subscriptions/67857d77-d782-46ed-b8f7-4b14afe47f33/resourceGroups/terraform-rg/providers/Microsoft.Network/networkSecurityGroups/nsg-vm1",
            "location": "eastus",
            "name": "nsg-vm1",
            "resource_group_name": "terraform-rg",
            "security_rule": [
              {
                "access": "Allow",
                "description": "",
                "destination_address_prefix": "*",
                "destination_address_prefixes": [],
                "destination_application_security_group_ids": [],
                "destination_port_range": "",
                "destination_port_ranges": [
                  "22",
                  "80"
                ],
                "direction": "Inbound",
                "name": "Allow-SSH-HTTP",
                "priority": 100,
                "protocol": "Tcp",
                "source_address_prefix": "*",
                "source_address_prefixes": [],
                "source_application_security_group_ids": [],
                "source_port_range": "*",
                "source_port_ranges": []
              }
            ],
            "tags": null,
            "timeouts": null
          },
          "sensitive_attributes": [],
          "private": "eyJlMmJmYjczMC1lY2FhLTExZTYtOGY4OC0zNDM2M2JjN2M0YzAiOnsiY3JlYXRlIjoxODAwMDAwMDAwMDAwLCJkZWxldGUiOjE4MDAwMDAwMDAwMDAsInJlYWQiOjMwMDAwMDAwMDAwMCwidXBkYXRlIjoxODAwMDAwMDAwMDAwfX0=",
          "dependencies": [
            "azurerm_resource_group.main_rg"
          ]
        }
      ]
    },
    {
      "mode": "managed",
      "type": "azurerm_public_ip",
      "name": "backend_lb_pip",
      "provider": "provider[\"registry.terraform.io/hashicorp/azurerm\"]",
      "instances": [
        {
          "schema_version": 0,
          "attributes": {
            "allocation_method": "Static",
            "ddos_protection_mode": "VirtualNetworkInherited",
            "ddos_protection_plan_id": null,
            "domain_name_label": null,
            "edge_zone": "",
            "fqdn": null,
            "id": "/subscriptions/67857d77-d782-46ed-b8f7-4b14afe47f33/resourceGroups/terraform-rg/providers/Microsoft.Network/publicIPAddresses/backend-lb-pip",
            "idle_timeout_in_minutes": 4,
            "ip_address": "52.179.0.62",
            "ip_tags": null,
            "ip_version": "IPv4",
            "location": "eastus",
            "name": "backend-lb-pip",
            "public_ip_prefix_id": null,
            "resource_group_name": "terraform-rg",
            "reverse_fqdn": null,
            "sku": "Standard",
            "sku_tier": "Regional",
            "tags": null,
            "timeouts": null,
            "zones": null
          },
          "sensitive_attributes": [],
          "private": "eyJlMmJmYjczMC1lY2FhLTExZTYtOGY4OC0zNDM2M2JjN2M0YzAiOnsiY3JlYXRlIjoxODAwMDAwMDAwMDAwLCJkZWxldGUiOjE4MDAwMDAwMDAwMDAsInJlYWQiOjMwMDAwMDAwMDAwMCwidXBkYXRlIjoxODAwMDAwMDAwMDAwfX0=",
          "dependencies": [
            "azurerm_resource_group.main_rg"
          ]
        }
      ]
    },
    {
      "mode": "managed",
      "type": "azurerm_public_ip",
      "name": "frontend_lb_pip",
      "provider": "provider[\"registry.terraform.io/hashicorp/azurerm\"]",
      "instances": [
        {
          "schema_version": 0,
          "attributes": {
            "allocation_method": "Static",
            "ddos_protection_mode": "VirtualNetworkInherited",
            "ddos_protection_plan_id": null,
            "domain_name_label": null,
            "edge_zone": "",
            "fqdn": null,
            "id": "/subscriptions/67857d77-d782-46ed-b8f7-4b14afe47f33/resourceGroups/terraform-rg/providers/Microsoft.Network/publicIPAddresses/frontend-lb-pip",
            "idle_timeout_in_minutes": 4,
            "ip_address": "13.90.208.55",
            "ip_tags": null,
            "ip_version": "IPv4",
            "location": "eastus",
            "name": "frontend-lb-pip",
            "public_ip_prefix_id": null,
            "resource_group_name": "terraform-rg",
            "reverse_fqdn": null,
            "sku": "Standard",
            "sku_tier": "Regional",
            "tags": null,
            "timeouts": null,
            "zones": null
          },
          "sensitive_attributes": [],
          "private": "eyJlMmJmYjczMC1lY2FhLTExZTYtOGY4OC0zNDM2M2JjN2M0YzAiOnsiY3JlYXRlIjoxODAwMDAwMDAwMDAwLCJkZWxldGUiOjE4MDAwMDAwMDAwMDAsInJlYWQiOjMwMDAwMDAwMDAwMCwidXBkYXRlIjoxODAwMDAwMDAwMDAwfX0=",
          "dependencies": [
            "azurerm_resource_group.main_rg"
          ]
        }
      ]
    },
    {
      "mode": "managed",
      "type": "azurerm_resource_group",
      "name": "main_rg",
      "provider": "provider[\"registry.terraform.io/hashicorp/azurerm\"]",
      "instances": [
        {
          "schema_version": 0,
          "attributes": {
            "id": "/subscriptions/67857d77-d782-46ed-b8f7-4b14afe47f33/resourceGroups/terraform-rg",
            "location": "eastus",
            "managed_by": "",
            "name": "terraform-rg",
            "tags": null,
            "timeouts": null
          },
          "sensitive_attributes": [],
          "private": "eyJlMmJmYjczMC1lY2FhLTExZTYtOGY4OC0zNDM2M2JjN2M0YzAiOnsiY3JlYXRlIjo1NDAwMDAwMDAwMDAwLCJkZWxldGUiOjU0MDAwMDAwMDAwMDAsInJlYWQiOjMwMDAwMDAwMDAwMCwidXBkYXRlIjo1NDAwMDAwMDAwMDAwfX0="
        }
      ]
    },
    {
      "mode": "managed",
      "type": "azurerm_subnet",
      "name": "subnet_1",
      "provider": "provider[\"registry.terraform.io/hashicorp/azurerm\"]",
      "instances": [
        {
          "schema_version": 0,
          "attributes": {
            "address_prefixes": [
              "10.0.1.0/24"
            ],
            "default_outbound_access_enabled": true,
            "delegation": [],
            "enforce_private_link_endpoint_network_policies": false,
            "enforce_private_link_service_network_policies": false,
            "id": "/subscriptions/67857d77-d782-46ed-b8f7-4b14afe47f33/resourceGroups/terraform-rg/providers/Microsoft.Network/virtualNetworks/terraform-vnet/subnets/subnet_1",
            "name": "subnet_1",
            "private_endpoint_network_policies": "Enabled",
            "private_endpoint_network_policies_enabled": true,
            "private_link_service_network_policies_enabled": true,
            "resource_group_name": "terraform-rg",
            "service_endpoint_policy_ids": null,
            "service_endpoints": null,
            "timeouts": null,
            "virtual_network_name": "terraform-vnet"
          },
          "sensitive_attributes": [],
          "private": "eyJlMmJmYjczMC1lY2FhLTExZTYtOGY4OC0zNDM2M2JjN2M0YzAiOnsiY3JlYXRlIjoxODAwMDAwMDAwMDAwLCJkZWxldGUiOjE4MDAwMDAwMDAwMDAsInJlYWQiOjMwMDAwMDAwMDAwMCwidXBkYXRlIjoxODAwMDAwMDAwMDAwfX0=",
          "dependencies": [
            "azurerm_resource_group.main_rg",
            "azurerm_virtual_network.main_vnet"
          ]
        }
      ]
    },
    {
      "mode": "managed",
      "type": "azurerm_subnet",
      "name": "subnet_2",
      "provider": "provider[\"registry.terraform.io/hashicorp/azurerm\"]",
      "instances": [
        {
          "schema_version": 0,
          "attributes": {
            "address_prefixes": [
              "10.0.2.0/24"
            ],
            "default_outbound_access_enabled": true,
            "delegation": [],
            "enforce_private_link_endpoint_network_policies": false,
            "enforce_private_link_service_network_policies": false,
            "id": "/subscriptions/67857d77-d782-46ed-b8f7-4b14afe47f33/resourceGroups/terraform-rg/providers/Microsoft.Network/virtualNetworks/terraform-vnet/subnets/subnet_2",
            "name": "subnet_2",
            "private_endpoint_network_policies": "Enabled",
            "private_endpoint_network_policies_enabled": true,
            "private_link_service_network_policies_enabled": true,
            "resource_group_name": "terraform-rg",
            "service_endpoint_policy_ids": null,
            "service_endpoints": null,
            "timeouts": null,
            "virtual_network_name": "terraform-vnet"
          },
          "sensitive_attributes": [],
          "private": "eyJlMmJmYjczMC1lY2FhLTExZTYtOGY4OC0zNDM2M2JjN2M0YzAiOnsiY3JlYXRlIjoxODAwMDAwMDAwMDAwLCJkZWxldGUiOjE4MDAwMDAwMDAwMDAsInJlYWQiOjMwMDAwMDAwMDAwMCwidXBkYXRlIjoxODAwMDAwMDAwMDAwfX0=",
          "dependencies": [
            "azurerm_resource_group.main_rg",
            "azurerm_virtual_network.main_vnet"
          ]
        }
      ]
    },
    {
      "mode": "managed",
      "type": "azurerm_virtual_network",
      "name": "main_vnet",
      "provider": "provider[\"registry.terraform.io/hashicorp/azurerm\"]",
      "instances": [
        {
          "schema_version": 0,
          "attributes": {
            "address_space": [
              "10.0.0.0/16"
            ],
            "bgp_community": "",
            "ddos_protection_plan": [],
            "dns_servers": [],
            "edge_zone": "",
            "encryption": [],
            "flow_timeout_in_minutes": 0,
            "guid": "3a746bd7-bec3-484f-a7a7-6b1fd4014c08",
            "id": "/subscriptions/67857d77-d782-46ed-b8f7-4b14afe47f33/resourceGroups/terraform-rg/providers/Microsoft.Network/virtualNetworks/terraform-vnet",
            "location": "eastus",
            "name": "terraform-vnet",
            "resource_group_name": "terraform-rg",
            "subnet": [],
            "tags": null,
            "timeouts": null
          },
          "sensitive_attributes": [],
          "private": "eyJlMmJmYjczMC1lY2FhLTExZTYtOGY4OC0zNDM2M2JjN2M0YzAiOnsiY3JlYXRlIjoxODAwMDAwMDAwMDAwLCJkZWxldGUiOjE4MDAwMDAwMDAwMDAsInJlYWQiOjMwMDAwMDAwMDAwMCwidXBkYXRlIjoxODAwMDAwMDAwMDAwfX0=",
          "dependencies": [
            "azurerm_resource_group.main_rg"
          ]
        }
      ]
    }
  ],
  "check_results": null
}
